<?xml version="1.0" encoding="utf-8"?>
<Project ToolsVersion="4.0" xmlns="http://schemas.microsoft.com/developer/msbuild/2003">
  <ItemGroup>
    <Filter Include="소스 파일">
      <UniqueIdentifier>{4FC737F1-C7A5-4376-A066-2A32D752A2FF}</UniqueIdentifier>
      <Extensions>cpp;c;cc;cxx;def;odl;idl;hpj;bat;asm;asmx</Extensions>
    </Filter>
    <Filter Include="헤더 파일">
      <UniqueIdentifier>{93995380-89BD-4b04-88EB-625FBE52EBFB}</UniqueIdentifier>
      <Extensions>h;hh;hpp;hxx;hm;inl;inc;xsd</Extensions>
    </Filter>
    <Filter Include="리소스 파일">
      <UniqueIdentifier>{67DA6AB6-F800-4c08-8B7A-83BB121AAD01}</UniqueIdentifier>
      <Extensions>rc;ico;cur;bmp;dlg;rc2;rct;bin;rgs;gif;jpg;jpeg;jpe;resx;tiff;tif;png;wav;mfcribbon-ms</Extensions>
    </Filter>
  </ItemGroup>
  <ItemGroup>
    <ClInclude Include="src\Array.h">
      <Filter>헤더 파일</Filter>
    </ClInclude>
    <ClInclude Include="src\Branch.h">
      <Filter>헤더 파일</Filter>
    </ClInclude>
    <ClInclude Include="src\BranchArray.h">
      <Filter>헤더 파일</Filter>
    </ClInclude>
    <ClInclude Include="src\BranchCopyTraverser.h">
      <Filter>헤더 파일</Filter>
    </ClInclude>
    <ClInclude Include="src\BranchIterator.h">
      <Filter>헤더 파일</Filter>
    </ClInclude>
    <ClInclude Include="src\BranchTraverser.h">
      <Filter>헤더 파일</Filter>
    </ClInclude>
    <ClInclude Include="src\Caret.h">
      <Filter>헤더 파일</Filter>
    </ClInclude>
    <ClInclude Include="src\Character.h">
      <Filter>헤더 파일</Filter>
    </ClInclude>
    <ClInclude Include="src\Clipboard.h">
      <Filter>헤더 파일</Filter>
    </ClInclude>
    <ClInclude Include="src\Composite.h">
      <Filter>헤더 파일</Filter>
    </ClInclude>
    <ClInclude Include="src\CopyKey.h">
      <Filter>헤더 파일</Filter>
    </ClInclude>
    <ClInclude Include="src\DeleteKey.h">
      <Filter>헤더 파일</Filter>
    </ClInclude>
    <ClInclude Include="src\DeleteVisitor.h">
      <Filter>헤더 파일</Filter>
    </ClInclude>
    <ClInclude Include="src\DoubleByteCharacter.h">
      <Filter>헤더 파일</Filter>
    </ClInclude>
    <ClInclude Include="src\DoubleLineDragAction.h">
      <Filter>헤더 파일</Filter>
    </ClInclude>
    <ClInclude Include="src\DrawingMouse.h">
      <Filter>헤더 파일</Filter>
    </ClInclude>
    <ClInclude Include="src\DrawingStrategy.h">
      <Filter>헤더 파일</Filter>
    </ClInclude>
    <ClInclude Include="src\DrawingVisitor.h">
      <Filter>헤더 파일</Filter>
    </ClInclude>
    <ClInclude Include="src\DrawLines.h">
      <Filter>헤더 파일</Filter>
    </ClInclude>
    <ClInclude Include="src\DrawMarks.h">
      <Filter>헤더 파일</Filter>
    </ClInclude>
    <ClInclude Include="src\DrawTopics.h">
      <Filter>헤더 파일</Filter>
    </ClInclude>
    <ClInclude Include="src\FlipTraverser.h">
      <Filter>헤더 파일</Filter>
    </ClInclude>
    <ClInclude Include="src\FlipVisitor.h">
      <Filter>헤더 파일</Filter>
    </ClInclude>
    <ClInclude Include="src\FoldVisitor.h">
      <Filter>헤더 파일</Filter>
    </ClInclude>
    <ClInclude Include="src\HitTester.h">
      <Filter>헤더 파일</Filter>
    </ClInclude>
    <ClInclude Include="src\HitTestVisitor.h">
      <Filter>헤더 파일</Filter>
    </ClInclude>
    <ClInclude Include="src\Iterator.h">
      <Filter>헤더 파일</Filter>
    </ClInclude>
    <ClInclude Include="src\KeyAction.h">
      <Filter>헤더 파일</Filter>
    </ClInclude>
    <ClInclude Include="src\KeyBoard.h">
      <Filter>헤더 파일</Filter>
    </ClInclude>
    <ClInclude Include="src\Line.h">
      <Filter>헤더 파일</Filter>
    </ClInclude>
    <ClInclude Include="src\Mark.h">
      <Filter>헤더 파일</Filter>
    </ClInclude>
    <ClInclude Include="src\MarkHitTest.h">
      <Filter>헤더 파일</Filter>
    </ClInclude>
    <ClInclude Include="src\MarkStrategy.h">
      <Filter>헤더 파일</Filter>
    </ClInclude>
    <ClInclude Include="src\MouseAction.h">
      <Filter>헤더 파일</Filter>
    </ClInclude>
    <ClInclude Include="src\MouseStrategy.h">
      <Filter>헤더 파일</Filter>
    </ClInclude>
    <ClInclude Include="src\MoveStrategy.h">
      <Filter>헤더 파일</Filter>
    </ClInclude>
    <ClInclude Include="src\MoveTraverser.h">
      <Filter>헤더 파일</Filter>
    </ClInclude>
    <ClInclude Include="src\MoveVisitor.h">
      <Filter>헤더 파일</Filter>
    </ClInclude>
    <ClInclude Include="src\MultiLineDragAction.h">
      <Filter>헤더 파일</Filter>
    </ClInclude>
    <ClInclude Include="src\MultiSelect.h">
      <Filter>헤더 파일</Filter>
    </ClInclude>
    <ClInclude Include="src\MultiSelectionStrategy.h">
      <Filter>헤더 파일</Filter>
    </ClInclude>
    <ClInclude Include="src\OnHScrollLeft.h">
      <Filter>헤더 파일</Filter>
    </ClInclude>
    <ClInclude Include="src\OnHScrollLineLeft.h">
      <Filter>헤더 파일</Filter>
    </ClInclude>
    <ClInclude Include="src\OnHScrollLineRight.h">
      <Filter>헤더 파일</Filter>
    </ClInclude>
    <ClInclude Include="src\OnHScrollPageLeft.h">
      <Filter>헤더 파일</Filter>
    </ClInclude>
    <ClInclude Include="src\OnHScrollPageRight.h">
      <Filter>헤더 파일</Filter>
    </ClInclude>
    <ClInclude Include="src\OnHScrollRight.h">
      <Filter>헤더 파일</Filter>
    </ClInclude>
    <ClInclude Include="src\OnHThumb.h">
      <Filter>헤더 파일</Filter>
    </ClInclude>
    <ClInclude Include="src\OnMouseWheel.h">
      <Filter>헤더 파일</Filter>
    </ClInclude>
    <ClInclude Include="src\OnMouseWheelDown.h">
      <Filter>헤더 파일</Filter>
    </ClInclude>
    <ClInclude Include="src\OnMouseWheelUp.h">
      <Filter>헤더 파일</Filter>
    </ClInclude>
    <ClInclude Include="src\OnVScrollDown.h">
      <Filter>헤더 파일</Filter>
    </ClInclude>
    <ClInclude Include="src\OnVScrollLineDown.h">
      <Filter>헤더 파일</Filter>
    </ClInclude>
    <ClInclude Include="src\OnVScrollLineUp.h">
      <Filter>헤더 파일</Filter>
    </ClInclude>
    <ClInclude Include="src\OnVScrollPageDown.h">
      <Filter>헤더 파일</Filter>
    </ClInclude>
    <ClInclude Include="src\OnVScrollPageUp.h">
      <Filter>헤더 파일</Filter>
    </ClInclude>
    <ClInclude Include="src\OnVScrollUp.h">
      <Filter>헤더 파일</Filter>
    </ClInclude>
    <ClInclude Include="src\OnVThumb.h">
      <Filter>헤더 파일</Filter>
    </ClInclude>
    <ClInclude Include="src\OverlappedConfirmVisitor.h">
      <Filter>헤더 파일</Filter>
    </ClInclude>
    <ClInclude Include="src\OwnerCheckVisitor.h">
      <Filter>헤더 파일</Filter>
    </ClInclude>
    <ClInclude Include="src\Page.h">
      <Filter>헤더 파일</Filter>
    </ClInclude>
    <ClInclude Include="src\PageApp.h">
      <Filter>헤더 파일</Filter>
    </ClInclude>
    <ClInclude Include="src\PageForm.h">
      <Filter>헤더 파일</Filter>
    </ClInclude>
    <ClInclude Include="src\PasteKey.h">
      <Filter>헤더 파일</Filter>
    </ClInclude>
    <ClInclude Include="src\Row.h">
      <Filter>헤더 파일</Filter>
    </ClInclude>
    <ClInclude Include="src\ScrollAction.h">
      <Filter>헤더 파일</Filter>
    </ClInclude>
    <ClInclude Include="src\ScrollStrategy.h">
      <Filter>헤더 파일</Filter>
    </ClInclude>
    <ClInclude Include="src\Select.h">
      <Filter>헤더 파일</Filter>
    </ClInclude>
    <ClInclude Include="src\Selection.h">
      <Filter>헤더 파일</Filter>
    </ClInclude>
    <ClInclude Include="src\SelectionMarkVisitor.h">
      <Filter>헤더 파일</Filter>
    </ClInclude>
    <ClInclude Include="src\SelectText.h">
      <Filter>헤더 파일</Filter>
    </ClInclude>
    <ClInclude Include="src\Shape.h">
      <Filter>헤더 파일</Filter>
    </ClInclude>
    <ClInclude Include="src\ShapeVisitor.h">
      <Filter>헤더 파일</Filter>
    </ClInclude>
    <ClInclude Include="src\SingleByteCharacter.h">
      <Filter>헤더 파일</Filter>
    </ClInclude>
    <ClInclude Include="src\SingleLineDragAction.h">
      <Filter>헤더 파일</Filter>
    </ClInclude>
    <ClInclude Include="src\SingleSelect.h">
      <Filter>헤더 파일</Filter>
    </ClInclude>
    <ClInclude Include="src\SingleSelectionStrategy.h">
      <Filter>헤더 파일</Filter>
    </ClInclude>
    <ClInclude Include="src\SubBranchDeselect.h">
      <Filter>헤더 파일</Filter>
    </ClInclude>
    <ClInclude Include="src\Text.h">
      <Filter>헤더 파일</Filter>
    </ClInclude>
    <ClInclude Include="src\TextComposite.h">
      <Filter>헤더 파일</Filter>
    </ClInclude>
    <ClInclude Include="src\TextDoubleClick.h">
      <Filter>헤더 파일</Filter>
    </ClInclude>
    <ClInclude Include="src\TextDoubleClickSelectAction.h">
      <Filter>헤더 파일</Filter>
    </ClInclude>
    <ClInclude Include="src\TextDrag.h">
      <Filter>헤더 파일</Filter>
    </ClInclude>
    <ClInclude Include="src\TextFont.h">
      <Filter>헤더 파일</Filter>
    </ClInclude>
    <ClInclude Include="src\TextForm.h">
      <Filter>헤더 파일</Filter>
    </ClInclude>
    <ClInclude Include="src\TextFormSize.h">
      <Filter>헤더 파일</Filter>
    </ClInclude>
    <ClInclude Include="src\TextVisitor.h">
      <Filter>헤더 파일</Filter>
    </ClInclude>
    <ClInclude Include="src\Topic.h">
      <Filter>헤더 파일</Filter>
    </ClInclude>
    <ClInclude Include="src\TopicHitTest.h">
      <Filter>헤더 파일</Filter>
    </ClInclude>
    <ClInclude Include="src\UnFoldVisitor.h">
      <Filter>헤더 파일</Filter>
    </ClInclude>
    <ClInclude Include="src\UpdateTraverser.h">
      <Filter>헤더 파일</Filter>
    </ClInclude>
    <ClInclude Include="src\View.h">
      <Filter>헤더 파일</Filter>
    </ClInclude>
    <ClInclude Include="src\WriteEnglish.h">
      <Filter>헤더 파일</Filter>
    </ClInclude>
    <ClInclude Include="src\WriteKorean.h">
      <Filter>헤더 파일</Filter>
    </ClInclude>
    <ClInclude Include="src\WriteVisitor.h">
      <Filter>헤더 파일</Filter>
    </ClInclude>
  </ItemGroup>
  <ItemGroup>
    <ClCompile Include="src\Branch.cpp">
      <Filter>소스 파일</Filter>
    </ClCompile>
    <ClCompile Include="src\BranchArray.cpp">
      <Filter>소스 파일</Filter>
    </ClCompile>
    <ClCompile Include="src\BranchCopyTraverser.cpp">
      <Filter>소스 파일</Filter>
    </ClCompile>
    <ClCompile Include="src\BranchIterator.cpp">
      <Filter>소스 파일</Filter>
    </ClCompile>
    <ClCompile Include="src\BranchTraverser.cpp">
      <Filter>소스 파일</Filter>
    </ClCompile>
    <ClCompile Include="src\Caret.cpp">
      <Filter>소스 파일</Filter>
    </ClCompile>
    <ClCompile Include="src\Character.cpp">
      <Filter>소스 파일</Filter>
    </ClCompile>
    <ClCompile Include="src\Clipboard.cpp">
      <Filter>소스 파일</Filter>
    </ClCompile>
    <ClCompile Include="src\Composite.cpp">
      <Filter>소스 파일</Filter>
    </ClCompile>
    <ClCompile Include="src\CopyKey.cpp">
      <Filter>소스 파일</Filter>
    </ClCompile>
    <ClCompile Include="src\DeleteKey.cpp">
      <Filter>소스 파일</Filter>
    </ClCompile>
    <ClCompile Include="src\DeleteVisitor.cpp">
      <Filter>소스 파일</Filter>
    </ClCompile>
    <ClCompile Include="src\DoubleByteCharacter.cpp">
      <Filter>소스 파일</Filter>
    </ClCompile>
    <ClCompile Include="src\DoubleLineDragAction.cpp">
      <Filter>소스 파일</Filter>
    </ClCompile>
    <ClCompile Include="src\DrawingStrategy.cpp">
      <Filter>소스 파일</Filter>
    </ClCompile>
    <ClCompile Include="src\DrawingVisitor.cpp">
      <Filter>소스 파일</Filter>
    </ClCompile>
    <ClCompile Include="src\DrawLines.cpp">
      <Filter>소스 파일</Filter>
    </ClCompile>
    <ClCompile Include="src\DrawMarks.cpp">
      <Filter>소스 파일</Filter>
    </ClCompile>
    <ClCompile Include="src\DrawTopics.cpp">
      <Filter>소스 파일</Filter>
    </ClCompile>
    <ClCompile Include="src\FlipTraverser.cpp">
      <Filter>소스 파일</Filter>
    </ClCompile>
    <ClCompile Include="src\FlipVisitor.cpp">
      <Filter>소스 파일</Filter>
    </ClCompile>
    <ClCompile Include="src\FoldVisitor.cpp">
      <Filter>소스 파일</Filter>
    </ClCompile>
    <ClCompile Include="src\HitTester.cpp">
      <Filter>소스 파일</Filter>
    </ClCompile>
    <ClCompile Include="src\HitTestVisitor.cpp">
      <Filter>소스 파일</Filter>
    </ClCompile>
    <ClCompile Include="src\Iterator.cpp">
      <Filter>소스 파일</Filter>
    </ClCompile>
    <ClCompile Include="src\KeyAction.cpp">
      <Filter>소스 파일</Filter>
    </ClCompile>
    <ClCompile Include="src\KeyBoard.cpp">
      <Filter>소스 파일</Filter>
    </ClCompile>
    <ClCompile Include="src\Line.cpp">
      <Filter>소스 파일</Filter>
    </ClCompile>
    <ClCompile Include="src\Mark.cpp">
      <Filter>소스 파일</Filter>
    </ClCompile>
    <ClCompile Include="src\MarkHitTest.cpp">
      <Filter>소스 파일</Filter>
    </ClCompile>
    <ClCompile Include="src\MarkStrategy.cpp">
      <Filter>소스 파일</Filter>
    </ClCompile>
    <ClCompile Include="src\MouseAction.cpp">
      <Filter>소스 파일</Filter>
    </ClCompile>
    <ClCompile Include="src\MouseStrategy.cpp">
      <Filter>소스 파일</Filter>
    </ClCompile>
    <ClCompile Include="src\MoveStrategy.cpp">
      <Filter>소스 파일</Filter>
    </ClCompile>
    <ClCompile Include="src\MoveTraverser.cpp">
      <Filter>소스 파일</Filter>
    </ClCompile>
    <ClCompile Include="src\MoveVisitor.cpp">
      <Filter>소스 파일</Filter>
    </ClCompile>
    <ClCompile Include="src\MultiLineDragAction.cpp">
      <Filter>소스 파일</Filter>
    </ClCompile>
    <ClCompile Include="src\MultiSelect.cpp">
      <Filter>소스 파일</Filter>
    </ClCompile>
    <ClCompile Include="src\MultiSelectionStrategy.cpp">
      <Filter>소스 파일</Filter>
    </ClCompile>
    <ClCompile Include="src\OnHScrollLeft.cpp">
      <Filter>소스 파일</Filter>
    </ClCompile>
    <ClCompile Include="src\OnHScrollLineLeft.cpp">
      <Filter>소스 파일</Filter>
    </ClCompile>
    <ClCompile Include="src\OnHScrollLineRight.cpp">
      <Filter>소스 파일</Filter>
    </ClCompile>
    <ClCompile Include="src\OnHScrollPageLeft.cpp">
      <Filter>소스 파일</Filter>
    </ClCompile>
    <ClCompile Include="src\OnHScrollPageRight.cpp">
      <Filter>소스 파일</Filter>
    </ClCompile>
    <ClCompile Include="src\OnHScrollRight.cpp">
      <Filter>소스 파일</Filter>
    </ClCompile>
    <ClCompile Include="src\OnHThumb.cpp">
      <Filter>소스 파일</Filter>
    </ClCompile>
    <ClCompile Include="src\OnMouseWheel.cpp">
      <Filter>소스 파일</Filter>
    </ClCompile>
    <ClCompile Include="src\OnMouseWheelDown.cpp">
      <Filter>소스 파일</Filter>
    </ClCompile>
    <ClCompile Include="src\OnMouseWheelUp.cpp">
      <Filter>소스 파일</Filter>
    </ClCompile>
    <ClCompile Include="src\OnVScrollDown.cpp">
      <Filter>소스 파일</Filter>
    </ClCompile>
    <ClCompile Include="src\OnVScrollLineDown.cpp">
      <Filter>소스 파일</Filter>
    </ClCompile>
    <ClCompile Include="src\OnVScrollLineUp.cpp">
      <Filter>소스 파일</Filter>
    </ClCompile>
    <ClCompile Include="src\OnVScrollPageDown.cpp">
      <Filter>소스 파일</Filter>
    </ClCompile>
    <ClCompile Include="src\OnVScrollPageUp.cpp">
      <Filter>소스 파일</Filter>
    </ClCompile>
    <ClCompile Include="src\OnVScrollUp.cpp">
      <Filter>소스 파일</Filter>
    </ClCompile>
    <ClCompile Include="src\OnVThumb.cpp">
      <Filter>소스 파일</Filter>
    </ClCompile>
    <ClCompile Include="src\OverlappedConfirmVisitor.cpp">
      <Filter>소스 파일</Filter>
    </ClCompile>
    <ClCompile Include="src\OwnerCheckVisitor.cpp">
      <Filter>소스 파일</Filter>
    </ClCompile>
    <ClCompile Include="src\Page.cpp">
      <Filter>소스 파일</Filter>
    </ClCompile>
    <ClCompile Include="src\PageApp.cpp">
      <Filter>소스 파일</Filter>
    </ClCompile>
    <ClCompile Include="src\PageForm.cpp">
      <Filter>소스 파일</Filter>
    </ClCompile>
    <ClCompile Include="src\PasteKey.cpp">
      <Filter>소스 파일</Filter>
    </ClCompile>
    <ClCompile Include="src\Row.cpp">
      <Filter>소스 파일</Filter>
    </ClCompile>
    <ClCompile Include="src\ScrollAction.cpp">
      <Filter>소스 파일</Filter>
    </ClCompile>
    <ClCompile Include="src\ScrollStrategy.cpp">
      <Filter>소스 파일</Filter>
    </ClCompile>
    <ClCompile Include="src\Select.cpp">
      <Filter>소스 파일</Filter>
    </ClCompile>
    <ClCompile Include="src\Selection.cpp">
      <Filter>소스 파일</Filter>
    </ClCompile>
    <ClCompile Include="src\SelectionMarkVIsitor.cpp">
      <Filter>소스 파일</Filter>
    </ClCompile>
    <ClCompile Include="src\SelectText.cpp">
      <Filter>소스 파일</Filter>
    </ClCompile>
    <ClCompile Include="src\Shape.cpp">
      <Filter>소스 파일</Filter>
    </ClCompile>
    <ClCompile Include="src\ShapeVisitor.cpp">
      <Filter>소스 파일</Filter>
    </ClCompile>
    <ClCompile Include="src\SingleByteCharacter.cpp">
      <Filter>소스 파일</Filter>
    </ClCompile>
    <ClCompile Include="src\SingleLineDragAction.cpp">
      <Filter>소스 파일</Filter>
    </ClCompile>
    <ClCompile Include="src\SingleSelect.cpp">
      <Filter>소스 파일</Filter>
    </ClCompile>
    <ClCompile Include="src\SingleSelectionStrategy.cpp">
      <Filter>소스 파일</Filter>
    </ClCompile>
    <ClCompile Include="src\SubBranchDeselect.cpp">
      <Filter>소스 파일</Filter>
    </ClCompile>
    <ClCompile Include="src\Text.cpp">
      <Filter>소스 파일</Filter>
    </ClCompile>
    <ClCompile Include="src\TextComposite.cpp">
      <Filter>소스 파일</Filter>
    </ClCompile>
    <ClCompile Include="src\TextDoubleClick.cpp">
      <Filter>소스 파일</Filter>
    </ClCompile>
    <ClCompile Include="src\TextDoubleClickSelectAction.cpp">
      <Filter>소스 파일</Filter>
    </ClCompile>
    <ClCompile Include="src\TextDrag.cpp">
      <Filter>소스 파일</Filter>
    </ClCompile>
    <ClCompile Include="src\TextFont.cpp">
      <Filter>소스 파일</Filter>
    </ClCompile>
    <ClCompile Include="src\TextForm.cpp">
      <Filter>소스 파일</Filter>
    </ClCompile>
    <ClCompile Include="src\TextFormSize.cpp">
      <Filter>소스 파일</Filter>
    </ClCompile>
    <ClCompile Include="src\TextVisitor.cpp">
      <Filter>소스 파일</Filter>
    </ClCompile>
    <ClCompile Include="src\Topic.cpp">
      <Filter>소스 파일</Filter>
    </ClCompile>
    <ClCompile Include="src\TopicHitTest.cpp">
      <Filter>소스 파일</Filter>
    </ClCompile>
    <ClCompile Include="src\UnFoldVisitor.cpp">
      <Filter>소스 파일</Filter>
    </ClCompile>
    <ClCompile Include="src\UpdateTraverser.cpp">
      <Filter>소스 파일</Filter>
    </ClCompile>
    <ClCompile Include="src\View.cpp">
      <Filter>소스 파일</Filter>
    </ClCompile>
    <ClCompile Include="src\WriteEnglish.cpp">
      <Filter>소스 파일</Filter>
    </ClCompile>
    <ClCompile Include="src\WriteKorean.cpp">
      <Filter>소스 파일</Filter>
    </ClCompile>
    <ClCompile Include="src\WriteVisitor.cpp">
      <Filter>소스 파일</Filter>
    </ClCompile>
  </ItemGroup>
</Project>