<?xml version="1.0" encoding="utf-8"?>
<Project ToolsVersion="4.0" xmlns="http://schemas.microsoft.com/developer/msbuild/2003">
  <ItemGroup>
    <Filter Include="소스 파일">
      <UniqueIdentifier>{4FC737F1-C7A5-4376-A066-2A32D752A2FF}</UniqueIdentifier>
      <Extensions>cpp;c;cc;cxx;def;odl;idl;hpj;bat;asm;asmx</Extensions>
    </Filter>
    <Filter Include="헤더 파일">
      <UniqueIdentifier>{93995380-89BD-4b04-88EB-625FBE52EBFB}</UniqueIdentifier>
      <Extensions>h;hh;hpp;hxx;hm;inl;inc;xsd</Extensions>
    </Filter>
    <Filter Include="리소스 파일">
      <UniqueIdentifier>{67DA6AB6-F800-4c08-8B7A-83BB121AAD01}</UniqueIdentifier>
      <Extensions>rc;ico;cur;bmp;dlg;rc2;rct;bin;rgs;gif;jpg;jpeg;jpe;resx;tiff;tif;png;wav;mfcribbon-ms</Extensions>
    </Filter>
  </ItemGroup>
  <ItemGroup>
    <ClInclude Include="..\Array.h">
      <Filter>헤더 파일</Filter>
    </ClInclude>
    <ClInclude Include="..\Branch.h">
      <Filter>헤더 파일</Filter>
    </ClInclude>
    <ClInclude Include="..\BranchIterator.h">
      <Filter>헤더 파일</Filter>
    </ClInclude>
    <ClInclude Include="..\BranchTraverser.h">
      <Filter>헤더 파일</Filter>
    </ClInclude>
    <ClInclude Include="..\Caret.h">
      <Filter>헤더 파일</Filter>
    </ClInclude>
    <ClInclude Include="..\Character.h">
      <Filter>헤더 파일</Filter>
    </ClInclude>
    <ClInclude Include="..\Clipboard.h">
      <Filter>헤더 파일</Filter>
    </ClInclude>
    <ClInclude Include="..\Composite.h">
      <Filter>헤더 파일</Filter>
    </ClInclude>
    <ClInclude Include="..\DeleteKey.h">
      <Filter>헤더 파일</Filter>
    </ClInclude>
    <ClInclude Include="..\DeleteVisitor.h">
      <Filter>헤더 파일</Filter>
    </ClInclude>
    <ClInclude Include="..\DoubleByteCharacter.h">
      <Filter>헤더 파일</Filter>
    </ClInclude>
    <ClInclude Include="..\DoubleLineDragAction.h">
      <Filter>헤더 파일</Filter>
    </ClInclude>
    <ClInclude Include="..\DrawingMouse.h">
      <Filter>헤더 파일</Filter>
    </ClInclude>
    <ClInclude Include="..\DrawingStrategy.h">
      <Filter>헤더 파일</Filter>
    </ClInclude>
    <ClInclude Include="..\DrawingVisitor.h">
      <Filter>헤더 파일</Filter>
    </ClInclude>
    <ClInclude Include="..\DrawLines.h">
      <Filter>헤더 파일</Filter>
    </ClInclude>
    <ClInclude Include="..\DrawMarks.h">
      <Filter>헤더 파일</Filter>
    </ClInclude>
    <ClInclude Include="..\DrawTopics.h">
      <Filter>헤더 파일</Filter>
    </ClInclude>
    <ClInclude Include="..\FoldVisitor.h">
      <Filter>헤더 파일</Filter>
    </ClInclude>
    <ClInclude Include="..\HitTester.h">
      <Filter>헤더 파일</Filter>
    </ClInclude>
    <ClInclude Include="..\HitTestVisitor.h">
      <Filter>헤더 파일</Filter>
    </ClInclude>
    <ClInclude Include="..\Iterator.h">
      <Filter>헤더 파일</Filter>
    </ClInclude>
    <ClInclude Include="..\KeyBoard.h">
      <Filter>헤더 파일</Filter>
    </ClInclude>
    <ClInclude Include="..\Line.h">
      <Filter>헤더 파일</Filter>
    </ClInclude>
    <ClInclude Include="..\Mark.h">
      <Filter>헤더 파일</Filter>
    </ClInclude>
    <ClInclude Include="..\MarkHitTest.h">
      <Filter>헤더 파일</Filter>
    </ClInclude>
    <ClInclude Include="..\MarkStrategy.h">
      <Filter>헤더 파일</Filter>
    </ClInclude>
    <ClInclude Include="..\MouseAction.h">
      <Filter>헤더 파일</Filter>
    </ClInclude>
    <ClInclude Include="..\MouseStrategy.h">
      <Filter>헤더 파일</Filter>
    </ClInclude>
    <ClInclude Include="..\MultiLineDragAction.h">
      <Filter>헤더 파일</Filter>
    </ClInclude>
    <ClInclude Include="..\MultiSelect.h">
      <Filter>헤더 파일</Filter>
    </ClInclude>
    <ClInclude Include="..\OnHScrollLeft.h">
      <Filter>헤더 파일</Filter>
    </ClInclude>
    <ClInclude Include="..\OnHScrollLineLeft.h">
      <Filter>헤더 파일</Filter>
    </ClInclude>
    <ClInclude Include="..\OnHScrollLineRight.h">
      <Filter>헤더 파일</Filter>
    </ClInclude>
    <ClInclude Include="..\OnHScrollPageLeft.h">
      <Filter>헤더 파일</Filter>
    </ClInclude>
    <ClInclude Include="..\OnHScrollPageRight.h">
      <Filter>헤더 파일</Filter>
    </ClInclude>
    <ClInclude Include="..\OnHScrollRight.h">
      <Filter>헤더 파일</Filter>
    </ClInclude>
    <ClInclude Include="..\OnHThumb.h">
      <Filter>헤더 파일</Filter>
    </ClInclude>
    <ClInclude Include="..\OnMouseWheel.h">
      <Filter>헤더 파일</Filter>
    </ClInclude>
    <ClInclude Include="..\OnMouseWheelDown.h">
      <Filter>헤더 파일</Filter>
    </ClInclude>
    <ClInclude Include="..\OnMouseWheelUp.h">
      <Filter>헤더 파일</Filter>
    </ClInclude>
    <ClInclude Include="..\OnVScrollDown.h">
      <Filter>헤더 파일</Filter>
    </ClInclude>
    <ClInclude Include="..\OnVScrollLineDown.h">
      <Filter>헤더 파일</Filter>
    </ClInclude>
    <ClInclude Include="..\OnVScrollLineUp.h">
      <Filter>헤더 파일</Filter>
    </ClInclude>
    <ClInclude Include="..\OnVScrollPageDown.h">
      <Filter>헤더 파일</Filter>
    </ClInclude>
    <ClInclude Include="..\OnVScrollPageUp.h">
      <Filter>헤더 파일</Filter>
    </ClInclude>
    <ClInclude Include="..\OnVScrollUp.h">
      <Filter>헤더 파일</Filter>
    </ClInclude>
    <ClInclude Include="..\OnVThumb.h">
      <Filter>헤더 파일</Filter>
    </ClInclude>
    <ClInclude Include="..\OverlappedConfirmVisitor.h">
      <Filter>헤더 파일</Filter>
    </ClInclude>
    <ClInclude Include="..\Page.h">
      <Filter>헤더 파일</Filter>
    </ClInclude>
    <ClInclude Include="..\PageApp.h">
      <Filter>헤더 파일</Filter>
    </ClInclude>
    <ClInclude Include="..\PageForm.h">
      <Filter>헤더 파일</Filter>
    </ClInclude>
    <ClInclude Include="..\Row.h">
      <Filter>헤더 파일</Filter>
    </ClInclude>
    <ClInclude Include="..\ScrollAction.h">
      <Filter>헤더 파일</Filter>
    </ClInclude>
    <ClInclude Include="..\ScrollStrategy.h">
      <Filter>헤더 파일</Filter>
    </ClInclude>
    <ClInclude Include="..\Select.h">
      <Filter>헤더 파일</Filter>
    </ClInclude>
    <ClInclude Include="..\Selection.h">
      <Filter>헤더 파일</Filter>
    </ClInclude>
    <ClInclude Include="..\SelectionMarkVisitor.h">
      <Filter>헤더 파일</Filter>
    </ClInclude>
    <ClInclude Include="..\SelectionStrategy.h">
      <Filter>헤더 파일</Filter>
    </ClInclude>
    <ClInclude Include="..\SelectText.h">
      <Filter>헤더 파일</Filter>
    </ClInclude>
    <ClInclude Include="..\Shape.h">
      <Filter>헤더 파일</Filter>
    </ClInclude>
    <ClInclude Include="..\ShapeVisitor.h">
      <Filter>헤더 파일</Filter>
    </ClInclude>
    <ClInclude Include="..\SingleByteCharacter.h">
      <Filter>헤더 파일</Filter>
    </ClInclude>
    <ClInclude Include="..\SingleLineDragAction.h">
      <Filter>헤더 파일</Filter>
    </ClInclude>
    <ClInclude Include="..\SingleSelect.h">
      <Filter>헤더 파일</Filter>
    </ClInclude>
    <ClInclude Include="..\SubBranchDeselect.h">
      <Filter>헤더 파일</Filter>
    </ClInclude>
    <ClInclude Include="..\Text.h">
      <Filter>헤더 파일</Filter>
    </ClInclude>
    <ClInclude Include="..\TextComposite.h">
      <Filter>헤더 파일</Filter>
    </ClInclude>
    <ClInclude Include="..\TextDoubleClick.h">
      <Filter>헤더 파일</Filter>
    </ClInclude>
    <ClInclude Include="..\TextDoubleClickSelectAction.h">
      <Filter>헤더 파일</Filter>
    </ClInclude>
    <ClInclude Include="..\TextDrag.h">
      <Filter>헤더 파일</Filter>
    </ClInclude>
    <ClInclude Include="..\TextFont.h">
      <Filter>헤더 파일</Filter>
    </ClInclude>
    <ClInclude Include="..\TextForm.h">
      <Filter>헤더 파일</Filter>
    </ClInclude>
    <ClInclude Include="..\TextFormSize.h">
      <Filter>헤더 파일</Filter>
    </ClInclude>
    <ClInclude Include="..\TextVisitor.h">
      <Filter>헤더 파일</Filter>
    </ClInclude>
    <ClInclude Include="..\Topic.h">
      <Filter>헤더 파일</Filter>
    </ClInclude>
    <ClInclude Include="..\TopicHitTest.h">
      <Filter>헤더 파일</Filter>
    </ClInclude>
    <ClInclude Include="..\UnFoldVisitor.h">
      <Filter>헤더 파일</Filter>
    </ClInclude>
    <ClInclude Include="..\WriteEnglish.h">
      <Filter>헤더 파일</Filter>
    </ClInclude>
    <ClInclude Include="..\WriteKorean.h">
      <Filter>헤더 파일</Filter>
    </ClInclude>
    <ClInclude Include="..\WriteVisitor.h">
      <Filter>헤더 파일</Filter>
    </ClInclude>
    <ClInclude Include="..\BranchArray.h">
      <Filter>헤더 파일</Filter>
    </ClInclude>
    <ClInclude Include="..\KeyAction.h">
      <Filter>헤더 파일</Filter>
    </ClInclude>
    <ClInclude Include="..\CopyKey.h">
      <Filter>헤더 파일</Filter>
    </ClInclude>
    <ClInclude Include="..\PasteKey.h">
      <Filter>헤더 파일</Filter>
    </ClInclude>
    <ClInclude Include="..\BranchCopyTraverser.h">
      <Filter>헤더 파일</Filter>
    </ClInclude>
  </ItemGroup>
  <ItemGroup>
    <ClCompile Include="..\Branch.cpp">
      <Filter>소스 파일</Filter>
    </ClCompile>
    <ClCompile Include="..\BranchIterator.cpp">
      <Filter>소스 파일</Filter>
    </ClCompile>
    <ClCompile Include="..\BranchTraverser.cpp">
      <Filter>소스 파일</Filter>
    </ClCompile>
    <ClCompile Include="..\Caret.cpp">
      <Filter>소스 파일</Filter>
    </ClCompile>
    <ClCompile Include="..\Character.cpp">
      <Filter>소스 파일</Filter>
    </ClCompile>
    <ClCompile Include="..\Clipboard.cpp">
      <Filter>소스 파일</Filter>
    </ClCompile>
    <ClCompile Include="..\Composite.cpp">
      <Filter>소스 파일</Filter>
    </ClCompile>
    <ClCompile Include="..\DeleteKey.cpp">
      <Filter>소스 파일</Filter>
    </ClCompile>
    <ClCompile Include="..\DeleteVisitor.cpp">
      <Filter>소스 파일</Filter>
    </ClCompile>
    <ClCompile Include="..\DoubleByteCharacter.cpp">
      <Filter>소스 파일</Filter>
    </ClCompile>
    <ClCompile Include="..\DoubleLineDragAction.cpp">
      <Filter>소스 파일</Filter>
    </ClCompile>
    <ClCompile Include="..\DrawingStrategy.cpp">
      <Filter>소스 파일</Filter>
    </ClCompile>
    <ClCompile Include="..\DrawingVisitor.cpp">
      <Filter>소스 파일</Filter>
    </ClCompile>
    <ClCompile Include="..\DrawLines.cpp">
      <Filter>소스 파일</Filter>
    </ClCompile>
    <ClCompile Include="..\DrawMarks.cpp">
      <Filter>소스 파일</Filter>
    </ClCompile>
    <ClCompile Include="..\DrawTopics.cpp">
      <Filter>소스 파일</Filter>
    </ClCompile>
    <ClCompile Include="..\FoldVisitor.cpp">
      <Filter>소스 파일</Filter>
    </ClCompile>
    <ClCompile Include="..\HitTester.cpp">
      <Filter>소스 파일</Filter>
    </ClCompile>
    <ClCompile Include="..\HitTestVisitor.cpp">
      <Filter>소스 파일</Filter>
    </ClCompile>
    <ClCompile Include="..\Iterator.cpp">
      <Filter>소스 파일</Filter>
    </ClCompile>
    <ClCompile Include="..\KeyBoard.cpp">
      <Filter>소스 파일</Filter>
    </ClCompile>
    <ClCompile Include="..\Line.cpp">
      <Filter>소스 파일</Filter>
    </ClCompile>
    <ClCompile Include="..\Mark.cpp">
      <Filter>소스 파일</Filter>
    </ClCompile>
    <ClCompile Include="..\MarkHitTest.cpp">
      <Filter>소스 파일</Filter>
    </ClCompile>
    <ClCompile Include="..\MarkStrategy.cpp">
      <Filter>소스 파일</Filter>
    </ClCompile>
    <ClCompile Include="..\MouseAction.cpp">
      <Filter>소스 파일</Filter>
    </ClCompile>
    <ClCompile Include="..\MouseStrategy.cpp">
      <Filter>소스 파일</Filter>
    </ClCompile>
    <ClCompile Include="..\MultiLineDragAction.cpp">
      <Filter>소스 파일</Filter>
    </ClCompile>
    <ClCompile Include="..\MultiSelect.cpp">
      <Filter>소스 파일</Filter>
    </ClCompile>
    <ClCompile Include="..\OnHScrollLeft.cpp">
      <Filter>소스 파일</Filter>
    </ClCompile>
    <ClCompile Include="..\OnHScrollLineLeft.cpp">
      <Filter>소스 파일</Filter>
    </ClCompile>
    <ClCompile Include="..\OnHScrollLineRight.cpp">
      <Filter>소스 파일</Filter>
    </ClCompile>
    <ClCompile Include="..\OnHScrollPageLeft.cpp">
      <Filter>소스 파일</Filter>
    </ClCompile>
    <ClCompile Include="..\OnHScrollPageRight.cpp">
      <Filter>소스 파일</Filter>
    </ClCompile>
    <ClCompile Include="..\OnHScrollRight.cpp">
      <Filter>소스 파일</Filter>
    </ClCompile>
    <ClCompile Include="..\OnHThumb.cpp">
      <Filter>소스 파일</Filter>
    </ClCompile>
    <ClCompile Include="..\OnMouseWheel.cpp">
      <Filter>소스 파일</Filter>
    </ClCompile>
    <ClCompile Include="..\OnMouseWheelDown.cpp">
      <Filter>소스 파일</Filter>
    </ClCompile>
    <ClCompile Include="..\OnMouseWheelUp.cpp">
      <Filter>소스 파일</Filter>
    </ClCompile>
    <ClCompile Include="..\OnVScrollDown.cpp">
      <Filter>소스 파일</Filter>
    </ClCompile>
    <ClCompile Include="..\OnVScrollLineDown.cpp">
      <Filter>소스 파일</Filter>
    </ClCompile>
    <ClCompile Include="..\OnVScrollLineUp.cpp">
      <Filter>소스 파일</Filter>
    </ClCompile>
    <ClCompile Include="..\OnVScrollPageDown.cpp">
      <Filter>소스 파일</Filter>
    </ClCompile>
    <ClCompile Include="..\OnVScrollPageUp.cpp">
      <Filter>소스 파일</Filter>
    </ClCompile>
    <ClCompile Include="..\OnVScrollUp.cpp">
      <Filter>소스 파일</Filter>
    </ClCompile>
    <ClCompile Include="..\OnVThumb.cpp">
      <Filter>소스 파일</Filter>
    </ClCompile>
    <ClCompile Include="..\OverlappedConfirmVisitor.cpp">
      <Filter>소스 파일</Filter>
    </ClCompile>
    <ClCompile Include="..\Page.cpp">
      <Filter>소스 파일</Filter>
    </ClCompile>
    <ClCompile Include="..\PageApp.cpp">
      <Filter>소스 파일</Filter>
    </ClCompile>
    <ClCompile Include="..\PageForm.cpp">
      <Filter>소스 파일</Filter>
    </ClCompile>
    <ClCompile Include="..\Row.cpp">
      <Filter>소스 파일</Filter>
    </ClCompile>
    <ClCompile Include="..\ScrollAction.cpp">
      <Filter>소스 파일</Filter>
    </ClCompile>
    <ClCompile Include="..\ScrollStrategy.cpp">
      <Filter>소스 파일</Filter>
    </ClCompile>
    <ClCompile Include="..\Select.cpp">
      <Filter>소스 파일</Filter>
    </ClCompile>
    <ClCompile Include="..\Selection.cpp">
      <Filter>소스 파일</Filter>
    </ClCompile>
    <ClCompile Include="..\SelectionMarkVIsitor.cpp">
      <Filter>소스 파일</Filter>
    </ClCompile>
    <ClCompile Include="..\SelectionStrategy.cpp">
      <Filter>소스 파일</Filter>
    </ClCompile>
    <ClCompile Include="..\SelectText.cpp">
      <Filter>소스 파일</Filter>
    </ClCompile>
    <ClCompile Include="..\Shape.cpp">
      <Filter>소스 파일</Filter>
    </ClCompile>
    <ClCompile Include="..\ShapeVisitor.cpp">
      <Filter>소스 파일</Filter>
    </ClCompile>
    <ClCompile Include="..\SingleByteCharacter.cpp">
      <Filter>소스 파일</Filter>
    </ClCompile>
    <ClCompile Include="..\SingleLineDragAction.cpp">
      <Filter>소스 파일</Filter>
    </ClCompile>
    <ClCompile Include="..\SingleSelect.cpp">
      <Filter>소스 파일</Filter>
    </ClCompile>
    <ClCompile Include="..\SubBranchDeselect.cpp">
      <Filter>소스 파일</Filter>
    </ClCompile>
    <ClCompile Include="..\Text.cpp">
      <Filter>소스 파일</Filter>
    </ClCompile>
    <ClCompile Include="..\TextComposite.cpp">
      <Filter>소스 파일</Filter>
    </ClCompile>
    <ClCompile Include="..\TextDoubleClick.cpp">
      <Filter>소스 파일</Filter>
    </ClCompile>
    <ClCompile Include="..\TextDoubleClickSelectAction.cpp">
      <Filter>소스 파일</Filter>
    </ClCompile>
    <ClCompile Include="..\TextDrag.cpp">
      <Filter>소스 파일</Filter>
    </ClCompile>
    <ClCompile Include="..\TextFont.cpp">
      <Filter>소스 파일</Filter>
    </ClCompile>
    <ClCompile Include="..\TextForm.cpp">
      <Filter>소스 파일</Filter>
    </ClCompile>
    <ClCompile Include="..\TextFormSize.cpp">
      <Filter>소스 파일</Filter>
    </ClCompile>
    <ClCompile Include="..\TextVisitor.cpp">
      <Filter>소스 파일</Filter>
    </ClCompile>
    <ClCompile Include="..\Topic.cpp">
      <Filter>소스 파일</Filter>
    </ClCompile>
    <ClCompile Include="..\TopicHitTest.cpp">
      <Filter>소스 파일</Filter>
    </ClCompile>
    <ClCompile Include="..\UnFoldVisitor.cpp">
      <Filter>소스 파일</Filter>
    </ClCompile>
    <ClCompile Include="..\WriteEnglish.cpp">
      <Filter>소스 파일</Filter>
    </ClCompile>
    <ClCompile Include="..\WriteKorean.cpp">
      <Filter>소스 파일</Filter>
    </ClCompile>
    <ClCompile Include="..\WriteVisitor.cpp">
      <Filter>소스 파일</Filter>
    </ClCompile>
    <ClCompile Include="..\BranchArray.cpp">
      <Filter>소스 파일</Filter>
    </ClCompile>
    <ClCompile Include="..\CopyKey.cpp">
      <Filter>소스 파일</Filter>
    </ClCompile>
    <ClCompile Include="..\PasteKey.cpp">
      <Filter>소스 파일</Filter>
    </ClCompile>
    <ClCompile Include="..\BranchCopyTraverser.cpp">
      <Filter>소스 파일</Filter>
    </ClCompile>
    <ClCompile Include="..\KeyAction.cpp">
      <Filter>소스 파일</Filter>
    </ClCompile>
  </ItemGroup>
</Project>